
Microsoft Visual Studio Solution File, Format Version 12.00
# Visual Studio Version 17
VisualStudioVersion = 17.3.32929.385
MinimumVisualStudioVersion = 10.0.40219.1
Project("{FAE04EC0-301F-11D3-BF4B-00C04F79EFBC}") = "números pares de 0 a 100", "números pares de 0 a 100\números pares de 0 a 100.csproj", "{6BFF956D-1CF2-407C-A57B-5E30C151E11B}"
EndProject
Global
	GlobalSection(SolutionConfigurationPlatforms) = preSolution
		Debug|Any CPU = Debug|Any CPU
		Release|Any CPU = Release|Any CPU
	EndGlobalSection
	GlobalSection(ProjectConfigurationPlatforms) = postSolution
		{6BFF956D-1CF2-407C-A57B-5E30C151E11B}.Debug|Any CPU.ActiveCfg = Debug|Any CPU
		{6BFF956D-1CF2-407C-A57B-5E30C151E11B}.Debug|Any CPU.Build.0 = Debug|Any CPU
		{6BFF956D-1CF2-407C-A57B-5E30C151E11B}.Release|Any CPU.ActiveCfg = Release|Any CPU
		{6BFF956D-1CF2-407C-A57B-5E30C151E11B}.Release|Any CPU.Build.0 = Release|Any CPU
	EndGlobalSection
	GlobalSection(SolutionProperties) = preSolution
		HideSolutionNode = FALSE
	EndGlobalSection
	GlobalSection(ExtensibilityGlobals) = postSolution
		SolutionGuid = {BC21BBC5-E8AB-405A-8828-41070A9EC170}
	EndGlobalSection
EndGlobal
