
Microsoft Visual Studio Solution File, Format Version 12.00
# Visual Studio Version 17
VisualStudioVersion = 17.3.32929.385
MinimumVisualStudioVersion = 10.0.40219.1
Project("{FAE04EC0-301F-11D3-BF4B-00C04F79EFBC}") = "ConsoleAppPrincipal", "ConsoleAppPrincipal\ConsoleAppPrincipal.csproj", "{774DD6D9-62E0-4F4B-85FD-F083FA7833AB}"
EndProject
Project("{FAE04EC0-301F-11D3-BF4B-00C04F79EFBC}") = "Models", "Models\Models.csproj", "{32B9F566-003A-4B28-8485-7FC73D42DAE0}"
EndProject
Global
	GlobalSection(SolutionConfigurationPlatforms) = preSolution
		Debug|Any CPU = Debug|Any CPU
		Release|Any CPU = Release|Any CPU
	EndGlobalSection
	GlobalSection(ProjectConfigurationPlatforms) = postSolution
		{774DD6D9-62E0-4F4B-85FD-F083FA7833AB}.Debug|Any CPU.ActiveCfg = Debug|Any CPU
		{774DD6D9-62E0-4F4B-85FD-F083FA7833AB}.Debug|Any CPU.Build.0 = Debug|Any CPU
		{774DD6D9-62E0-4F4B-85FD-F083FA7833AB}.Release|Any CPU.ActiveCfg = Release|Any CPU
		{774DD6D9-62E0-4F4B-85FD-F083FA7833AB}.Release|Any CPU.Build.0 = Release|Any CPU
		{32B9F566-003A-4B28-8485-7FC73D42DAE0}.Debug|Any CPU.ActiveCfg = Debug|Any CPU
		{32B9F566-003A-4B28-8485-7FC73D42DAE0}.Debug|Any CPU.Build.0 = Debug|Any CPU
		{32B9F566-003A-4B28-8485-7FC73D42DAE0}.Release|Any CPU.ActiveCfg = Release|Any CPU
		{32B9F566-003A-4B28-8485-7FC73D42DAE0}.Release|Any CPU.Build.0 = Release|Any CPU
	EndGlobalSection
	GlobalSection(SolutionProperties) = preSolution
		HideSolutionNode = FALSE
	EndGlobalSection
	GlobalSection(ExtensibilityGlobals) = postSolution
		SolutionGuid = {832718D3-696D-4195-9683-DAC0E2F85193}
	EndGlobalSection
EndGlobal
